{
  "name": "@kiruse/decimal",
  "version": "1.0.1",
  "lockfileVersion": 3,
  "requires": true,
  "packages": {
    "": {
      "name": "@kiruse/decimal",
      "version": "1.0.1",
      "license": "Apache-2.0",
      "devDependencies": {
        "typescript": "^5.3.3"
      },
      "peerDependencies": {
        "@kiruse/marshal": "^0.1.2-fix.1"
      }
    },
    "node_modules/@kiruse/marshal": {
      "version": "0.1.2-fix.1",
      "resolved": "https://registry.npmjs.org/@kiruse/marshal/-/marshal-0.1.2-fix.1.tgz",
      "integrity": "sha512-XgNH6/7sgWogpyG5ayphF2nR7SM9l3TMY8rLG9bPS4FGf3F7As9VZakHnhCYBZkFvHG59tryRwkCyqwQM1YVeA==",
      "peer": true
    },
    "node_modules/typescript": {
      "version": "5.3.3",
      "resolved": "https://registry.npmjs.org/typescript/-/typescript-5.3.3.tgz",
      "integrity": "sha512-pXWcraxM0uxAS+tN0AG/BF2TyqmHO014Z070UsJ+pFvYuRSq8KH8DmWpnbXe0pEPDHXZV3FcAbJkijJ5oNEnWw==",
      "dev": true,
      "bin": {
        "tsc": "bin/tsc",
        "tsserver": "bin/tsserver"
      },
      "engines": {
        "node": ">=14.17"
      }
    }
  }
}
